
Microsoft Visual Studio Solution File, Format Version 12.00
# Visual Studio Version 17
VisualStudioVersion = 17.11.35312.102
MinimumVisualStudioVersion = 10.0.40219.1
Project("{FAE04EC0-301F-11D3-BF4B-00C04F79EFBC}") = "WinForms-Ejer6", "WinForms-Ejer6.csproj", "{F38AE425-3FD6-4BBA-97FC-25A2694D9871}"
EndProject
Global
	GlobalSection(SolutionConfigurationPlatforms) = preSolution
		Debug|Any CPU = Debug|Any CPU
		Release|Any CPU = Release|Any CPU
	EndGlobalSection
	GlobalSection(ProjectConfigurationPlatforms) = postSolution
		{F38AE425-3FD6-4BBA-97FC-25A2694D9871}.Debug|Any CPU.ActiveCfg = Debug|Any CPU
		{F38AE425-3FD6-4BBA-97FC-25A2694D9871}.Debug|Any CPU.Build.0 = Debug|Any CPU
		{F38AE425-3FD6-4BBA-97FC-25A2694D9871}.Release|Any CPU.ActiveCfg = Release|Any CPU
		{F38AE425-3FD6-4BBA-97FC-25A2694D9871}.Release|Any CPU.Build.0 = Release|Any CPU
	EndGlobalSection
	GlobalSection(SolutionProperties) = preSolution
		HideSolutionNode = FALSE
	EndGlobalSection
	GlobalSection(ExtensibilityGlobals) = postSolution
		SolutionGuid = {1EF553C3-2137-46D1-B029-6566BFBE41E6}
	EndGlobalSection
EndGlobal
