
Microsoft Visual Studio Solution File, Format Version 12.00
# Visual Studio Version 17
VisualStudioVersion = 17.11.35312.102
MinimumVisualStudioVersion = 10.0.40219.1
Project("{FAE04EC0-301F-11D3-BF4B-00C04F79EFBC}") = "WinForms-Ejer11", "WinForms-Ejer11.csproj", "{240353B3-CB21-46F5-AD38-75DD88A82753}"
EndProject
Global
	GlobalSection(SolutionConfigurationPlatforms) = preSolution
		Debug|Any CPU = Debug|Any CPU
		Release|Any CPU = Release|Any CPU
	EndGlobalSection
	GlobalSection(ProjectConfigurationPlatforms) = postSolution
		{240353B3-CB21-46F5-AD38-75DD88A82753}.Debug|Any CPU.ActiveCfg = Debug|Any CPU
		{240353B3-CB21-46F5-AD38-75DD88A82753}.Debug|Any CPU.Build.0 = Debug|Any CPU
		{240353B3-CB21-46F5-AD38-75DD88A82753}.Release|Any CPU.ActiveCfg = Release|Any CPU
		{240353B3-CB21-46F5-AD38-75DD88A82753}.Release|Any CPU.Build.0 = Release|Any CPU
	EndGlobalSection
	GlobalSection(SolutionProperties) = preSolution
		HideSolutionNode = FALSE
	EndGlobalSection
	GlobalSection(ExtensibilityGlobals) = postSolution
		SolutionGuid = {5CD7E7E3-3E23-4061-B449-CA0D571541C8}
	EndGlobalSection
EndGlobal
