
Microsoft Visual Studio Solution File, Format Version 12.00
# Visual Studio Version 17
VisualStudioVersion = 17.11.35312.102
MinimumVisualStudioVersion = 10.0.40219.1
Project("{FAE04EC0-301F-11D3-BF4B-00C04F79EFBC}") = "WinForms-Facturacion", "WinForms-Facturacion.csproj", "{FAC36B81-3911-4CBE-A54A-04DA14C2CC6C}"
EndProject
Project("{2150E333-8FDC-42A3-9474-1A3956D46DE8}") = "Elementos de la solución", "Elementos de la solución", "{CB713EC0-3AA3-4DCF-9341-14C0DA69439F}"
EndProject
Global
	GlobalSection(SolutionConfigurationPlatforms) = preSolution
		Debug|Any CPU = Debug|Any CPU
		Release|Any CPU = Release|Any CPU
	EndGlobalSection
	GlobalSection(ProjectConfigurationPlatforms) = postSolution
		{FAC36B81-3911-4CBE-A54A-04DA14C2CC6C}.Debug|Any CPU.ActiveCfg = Debug|Any CPU
		{FAC36B81-3911-4CBE-A54A-04DA14C2CC6C}.Debug|Any CPU.Build.0 = Debug|Any CPU
		{FAC36B81-3911-4CBE-A54A-04DA14C2CC6C}.Release|Any CPU.ActiveCfg = Release|Any CPU
		{FAC36B81-3911-4CBE-A54A-04DA14C2CC6C}.Release|Any CPU.Build.0 = Release|Any CPU
	EndGlobalSection
	GlobalSection(SolutionProperties) = preSolution
		HideSolutionNode = FALSE
	EndGlobalSection
	GlobalSection(ExtensibilityGlobals) = postSolution
		SolutionGuid = {8A352422-C528-48DF-A683-D59D96FDD270}
	EndGlobalSection
EndGlobal
