
Microsoft Visual Studio Solution File, Format Version 12.00
# Visual Studio Version 16
VisualStudioVersion = 16.0.35706.149
MinimumVisualStudioVersion = 10.0.40219.1
Project("{FAE04EC0-301F-11D3-BF4B-00C04F79EFBC}") = "Informe-Ejer1", "Informe-Ejer1.csproj", "{192D5CDE-777A-4B51-A65C-8AD35A3E0730}"
EndProject
Global
	GlobalSection(SolutionConfigurationPlatforms) = preSolution
		Debug|Any CPU = Debug|Any CPU
		Release|Any CPU = Release|Any CPU
	EndGlobalSection
	GlobalSection(ProjectConfigurationPlatforms) = postSolution
		{192D5CDE-777A-4B51-A65C-8AD35A3E0730}.Debug|Any CPU.ActiveCfg = Debug|Any CPU
		{192D5CDE-777A-4B51-A65C-8AD35A3E0730}.Debug|Any CPU.Build.0 = Debug|Any CPU
		{192D5CDE-777A-4B51-A65C-8AD35A3E0730}.Release|Any CPU.ActiveCfg = Release|Any CPU
		{192D5CDE-777A-4B51-A65C-8AD35A3E0730}.Release|Any CPU.Build.0 = Release|Any CPU
	EndGlobalSection
	GlobalSection(SolutionProperties) = preSolution
		HideSolutionNode = FALSE
	EndGlobalSection
	GlobalSection(ExtensibilityGlobals) = postSolution
		SolutionGuid = {A0150280-1797-440D-9623-D7E2398206E4}
	EndGlobalSection
EndGlobal
