
Microsoft Visual Studio Solution File, Format Version 12.00
# Visual Studio Version 17
VisualStudioVersion = 17.11.35312.102
MinimumVisualStudioVersion = 10.0.40219.1
Project("{FAE04EC0-301F-11D3-BF4B-00C04F79EFBC}") = "WinForms-Practica-GestionClinica", "WinForms-Practica-GestionClinica.csproj", "{7824828E-8636-4DDA-B380-6A21C58FF55A}"
EndProject
Global
	GlobalSection(SolutionConfigurationPlatforms) = preSolution
		Debug|Any CPU = Debug|Any CPU
		Release|Any CPU = Release|Any CPU
	EndGlobalSection
	GlobalSection(ProjectConfigurationPlatforms) = postSolution
		{7824828E-8636-4DDA-B380-6A21C58FF55A}.Debug|Any CPU.ActiveCfg = Debug|Any CPU
		{7824828E-8636-4DDA-B380-6A21C58FF55A}.Debug|Any CPU.Build.0 = Debug|Any CPU
		{7824828E-8636-4DDA-B380-6A21C58FF55A}.Release|Any CPU.ActiveCfg = Release|Any CPU
		{7824828E-8636-4DDA-B380-6A21C58FF55A}.Release|Any CPU.Build.0 = Release|Any CPU
	EndGlobalSection
	GlobalSection(SolutionProperties) = preSolution
		HideSolutionNode = FALSE
	EndGlobalSection
	GlobalSection(ExtensibilityGlobals) = postSolution
		SolutionGuid = {A5AF2A28-1C68-4E41-8A2E-5A0F311F8CCA}
	EndGlobalSection
EndGlobal
