
Microsoft Visual Studio Solution File, Format Version 12.00
# Visual Studio Version 17
VisualStudioVersion = 17.11.35312.102
MinimumVisualStudioVersion = 10.0.40219.1
Project("{FAE04EC0-301F-11D3-BF4B-00C04F79EFBC}") = "WinForms-Examen1", "WinForms-Examen1.csproj", "{313EBF03-4CA9-4E2F-8B0A-AEC0C711FCEF}"
EndProject
Global
	GlobalSection(SolutionConfigurationPlatforms) = preSolution
		Debug|Any CPU = Debug|Any CPU
		Release|Any CPU = Release|Any CPU
	EndGlobalSection
	GlobalSection(ProjectConfigurationPlatforms) = postSolution
		{313EBF03-4CA9-4E2F-8B0A-AEC0C711FCEF}.Debug|Any CPU.ActiveCfg = Debug|Any CPU
		{313EBF03-4CA9-4E2F-8B0A-AEC0C711FCEF}.Debug|Any CPU.Build.0 = Debug|Any CPU
		{313EBF03-4CA9-4E2F-8B0A-AEC0C711FCEF}.Release|Any CPU.ActiveCfg = Release|Any CPU
		{313EBF03-4CA9-4E2F-8B0A-AEC0C711FCEF}.Release|Any CPU.Build.0 = Release|Any CPU
	EndGlobalSection
	GlobalSection(SolutionProperties) = preSolution
		HideSolutionNode = FALSE
	EndGlobalSection
	GlobalSection(ExtensibilityGlobals) = postSolution
		SolutionGuid = {75F36C96-7670-4168-A8EC-947419775BFD}
	EndGlobalSection
EndGlobal
