
Microsoft Visual Studio Solution File, Format Version 12.00
# Visual Studio Version 17
VisualStudioVersion = 17.11.35312.102
MinimumVisualStudioVersion = 10.0.40219.1
Project("{FAE04EC0-301F-11D3-BF4B-00C04F79EFBC}") = "WinForms-Project2", "WinForms-Project2.csproj", "{095E5DA7-1123-49A3-87F6-E31DFE95887D}"
EndProject
Global
	GlobalSection(SolutionConfigurationPlatforms) = preSolution
		Debug|Any CPU = Debug|Any CPU
		Release|Any CPU = Release|Any CPU
	EndGlobalSection
	GlobalSection(ProjectConfigurationPlatforms) = postSolution
		{095E5DA7-1123-49A3-87F6-E31DFE95887D}.Debug|Any CPU.ActiveCfg = Debug|Any CPU
		{095E5DA7-1123-49A3-87F6-E31DFE95887D}.Debug|Any CPU.Build.0 = Debug|Any CPU
		{095E5DA7-1123-49A3-87F6-E31DFE95887D}.Release|Any CPU.ActiveCfg = Release|Any CPU
		{095E5DA7-1123-49A3-87F6-E31DFE95887D}.Release|Any CPU.Build.0 = Release|Any CPU
	EndGlobalSection
	GlobalSection(SolutionProperties) = preSolution
		HideSolutionNode = FALSE
	EndGlobalSection
	GlobalSection(ExtensibilityGlobals) = postSolution
		SolutionGuid = {A7A8BDB2-A34B-4D33-A581-AD2C78124AFE}
	EndGlobalSection
EndGlobal
